uuid: 1e19203f-f9d1-485e-be8c-be73fa3cfa0c
langcode: en
status: true
dependencies:
  module:
    - nfafmis
    - system
  theme:
    - nfa
id: farmermapblock
theme: nfa
region: content
weight: -6
provider: null
plugin: farmer_map_block
settings:
  id: farmer_map_block
  label: 'Farmer map block'
  provider: nfafmis
  label_display: '0'
visibility:
  request_path:
    id: request_path
    pages: "/tree-farmer-overview\r\n/tree-farmer-overview/*"
    negate: false
