uuid: 9e345a39-f2d0-49cf-b2e0-6057391e88a1
langcode: en
status: true
dependencies:
  config:
    - system.menu.action-clock
  module:
    - system
  theme:
    - bartik
id: actionclock
theme: bartik
region: sidebar_first
weight: -5
provider: null
plugin: 'system_menu_block:action-clock'
settings:
  id: 'system_menu_block:action-clock'
  label: 'Quick Links'
  label_display: visible
  provider: system
  level: 1
  depth: 0
  expand_all_items: false
visibility: {  }
