uuid: 2dcf7e17-5b06-4a54-a7b0-703252ea8cc6
langcode: en
status: true
dependencies:
  module:
    - nfafmis
    - system
  theme:
    - nfa
id: nfafmisblock
theme: nfa
region: content
weight: -5
provider: null
plugin: nfafmis_block
settings:
  id: nfafmis_block
  label: 'NFAFMIS block'
  label_display: '0'
  provider: nfafmis
visibility:
  request_path:
    id: request_path
    negate: false
    context_mapping: {  }
    pages: "/tree-farmer-overview\r\n/tree-farmer-overview/*"
